// !$*UTF8*$!
{
	archiveVersion = 1;
	classes = {
	};
	objectVersion = 46;
	objects = {

/* Begin PBXBuildFile section */
		040E285A1B4550F000A880DC /* Default-568h@2x.png in Resources */ = {isa = PBXBuildFile; fileRef = 040E28591B4550F000A880DC /* Default-568h@2x.png */; };
		042B51531B4549D8006973C3 /* main.m in Sources */ = {isa = PBXBuildFile; fileRef = 042B51521B4549D8006973C3 /* main.m */; };
		042B515E1B4549D8006973C3 /* Images.xcassets in Resources */ = {isa = PBXBuildFile; fileRef = 042B515D1B4549D8006973C3 /* Images.xcassets */; };
		042B516D1B4549D8006973C3 /* WeiboTests.m in Sources */ = {isa = PBXBuildFile; fileRef = 042B516C1B4549D8006973C3 /* WeiboTests.m */; };
		04B96CE01B46908B00EACD42 /* YCYDiscoverViewController.m in Sources */ = {isa = PBXBuildFile; fileRef = 04B96CD91B46908B00EACD42 /* YCYDiscoverViewController.m */; };
		04B96CE11B46908B00EACD42 /* YCYHomeViewController.m in Sources */ = {isa = PBXBuildFile; fileRef = 04B96CDB1B46908B00EACD42 /* YCYHomeViewController.m */; };
		04B96CE31B46908B00EACD42 /* YCYProfileViewController.m in Sources */ = {isa = PBXBuildFile; fileRef = 04B96CDF1B46908B00EACD42 /* YCYProfileViewController.m */; };
		04B96CE61B4690AB00EACD42 /* YCYAppDelegate.m in Sources */ = {isa = PBXBuildFile; fileRef = 04B96CE51B4690AB00EACD42 /* YCYAppDelegate.m */; };
		04B96CEC1B46917100EACD42 /* YCYMessageCenterViewController.m in Sources */ = {isa = PBXBuildFile; fileRef = 04B96CEB1B46917100EACD42 /* YCYMessageCenterViewController.m */; };
		04B96CEF1B469A0A00EACD42 /* YCYTabBarViewController.m in Sources */ = {isa = PBXBuildFile; fileRef = 04B96CEE1B469A0A00EACD42 /* YCYTabBarViewController.m */; };
/* End PBXBuildFile section */

/* Begin PBXContainerItemProxy section */
		042B51671B4549D8006973C3 /* PBXContainerItemProxy */ = {
			isa = PBXContainerItemProxy;
			containerPortal = 042B51451B4549D8006973C3 /* Project object */;
			proxyType = 1;
			remoteGlobalIDString = 042B514C1B4549D8006973C3;
			remoteInfo = Weibo;
		};
/* End PBXContainerItemProxy section */

/* Begin PBXFileReference section */
		040E28591B4550F000A880DC /* Default-568h@2x.png */ = {isa = PBXFileReference; lastKnownFileType = image.png; name = "Default-568h@2x.png"; path = "../Default-568h@2x.png"; sourceTree = "<group>"; };
		042B514D1B4549D8006973C3 /* Weibo.app */ = {isa = PBXFileReference; explicitFileType = wrapper.application; includeInIndex = 0; path = Weibo.app; sourceTree = BUILT_PRODUCTS_DIR; };
		042B51511B4549D8006973C3 /* Info.plist */ = {isa = PBXFileReference; lastKnownFileType = text.plist.xml; path = Info.plist; sourceTree = "<group>"; };
		042B51521B4549D8006973C3 /* main.m */ = {isa = PBXFileReference; lastKnownFileType = sourcecode.c.objc; path = main.m; sourceTree = "<group>"; };
		042B515D1B4549D8006973C3 /* Images.xcassets */ = {isa = PBXFileReference; lastKnownFileType = folder.assetcatalog; path = Images.xcassets; sourceTree = "<group>"; };
		042B51661B4549D8006973C3 /* WeiboTests.xctest */ = {isa = PBXFileReference; explicitFileType = wrapper.cfbundle; includeInIndex = 0; path = WeiboTests.xctest; sourceTree = BUILT_PRODUCTS_DIR; };
		042B516B1B4549D8006973C3 /* Info.plist */ = {isa = PBXFileReference; lastKnownFileType = text.plist.xml; path = Info.plist; sourceTree = "<group>"; };
		042B516C1B4549D8006973C3 /* WeiboTests.m */ = {isa = PBXFileReference; lastKnownFileType = sourcecode.c.objc; path = WeiboTests.m; sourceTree = "<group>"; };
		04B96CD71B46908200EACD42 /* PrefixHeader.pch */ = {isa = PBXFileReference; fileEncoding = 4; lastKnownFileType = sourcecode.c.h; path = PrefixHeader.pch; sourceTree = "<group>"; };
		04B96CD81B46908B00EACD42 /* YCYDiscoverViewController.h */ = {isa = PBXFileReference; fileEncoding = 4; lastKnownFileType = sourcecode.c.h; path = YCYDiscoverViewController.h; sourceTree = "<group>"; };
		04B96CD91B46908B00EACD42 /* YCYDiscoverViewController.m */ = {isa = PBXFileReference; fileEncoding = 4; lastKnownFileType = sourcecode.c.objc; path = YCYDiscoverViewController.m; sourceTree = "<group>"; };
		04B96CDA1B46908B00EACD42 /* YCYHomeViewController.h */ = {isa = PBXFileReference; fileEncoding = 4; lastKnownFileType = sourcecode.c.h; path = YCYHomeViewController.h; sourceTree = "<group>"; };
		04B96CDB1B46908B00EACD42 /* YCYHomeViewController.m */ = {isa = PBXFileReference; fileEncoding = 4; lastKnownFileType = sourcecode.c.objc; path = YCYHomeViewController.m; sourceTree = "<group>"; };
		04B96CDE1B46908B00EACD42 /* YCYProfileViewController.h */ = {isa = PBXFileReference; fileEncoding = 4; lastKnownFileType = sourcecode.c.h; path = YCYProfileViewController.h; sourceTree = "<group>"; };
		04B96CDF1B46908B00EACD42 /* YCYProfileViewController.m */ = {isa = PBXFileReference; fileEncoding = 4; lastKnownFileType = sourcecode.c.objc; path = YCYProfileViewController.m; sourceTree = "<group>"; };
		04B96CE41B4690AB00EACD42 /* YCYAppDelegate.h */ = {isa = PBXFileReference; fileEncoding = 4; lastKnownFileType = sourcecode.c.h; path = YCYAppDelegate.h; sourceTree = "<group>"; };
		04B96CE51B4690AB00EACD42 /* YCYAppDelegate.m */ = {isa = PBXFileReference; fileEncoding = 4; lastKnownFileType = sourcecode.c.objc; path = YCYAppDelegate.m; sourceTree = "<group>"; };
		04B96CEA1B46917100EACD42 /* YCYMessageCenterViewController.h */ = {isa = PBXFileReference; fileEncoding = 4; lastKnownFileType = sourcecode.c.h; path = YCYMessageCenterViewController.h; sourceTree = "<group>"; };
		04B96CEB1B46917100EACD42 /* YCYMessageCenterViewController.m */ = {isa = PBXFileReference; fileEncoding = 4; lastKnownFileType = sourcecode.c.objc; path = YCYMessageCenterViewController.m; sourceTree = "<group>"; };
		04B96CED1B469A0A00EACD42 /* YCYTabBarViewController.h */ = {isa = PBXFileReference; fileEncoding = 4; lastKnownFileType = sourcecode.c.h; path = YCYTabBarViewController.h; sourceTree = "<group>"; };
		04B96CEE1B469A0A00EACD42 /* YCYTabBarViewController.m */ = {isa = PBXFileReference; fileEncoding = 4; lastKnownFileType = sourcecode.c.objc; path = YCYTabBarViewController.m; sourceTree = "<group>"; };
/* End PBXFileReference section */

/* Begin PBXFrameworksBuildPhase section */
		042B514A1B4549D8006973C3 /* Frameworks */ = {
			isa = PBXFrameworksBuildPhase;
			buildActionMask = 2147483647;
			files = (
			);
			runOnlyForDeploymentPostprocessing = 0;
		};
		042B51631B4549D8006973C3 /* Frameworks */ = {
			isa = PBXFrameworksBuildPhase;
			buildActionMask = 2147483647;
			files = (
			);
			runOnlyForDeploymentPostprocessing = 0;
		};
/* End PBXFrameworksBuildPhase section */

/* Begin PBXGroup section */
		040E285B1B45535500A880DC /* Classes */ = {
			isa = PBXGroup;
			children = (
				04B96CE41B4690AB00EACD42 /* YCYAppDelegate.h */,
				04B96CE51B4690AB00EACD42 /* YCYAppDelegate.m */,
				042B51521B4549D8006973C3 /* main.m */,
				04B96CD81B46908B00EACD42 /* YCYDiscoverViewController.h */,
				04B96CD91B46908B00EACD42 /* YCYDiscoverViewController.m */,
				04B96CDA1B46908B00EACD42 /* YCYHomeViewController.h */,
				04B96CDB1B46908B00EACD42 /* YCYHomeViewController.m */,
				04B96CDE1B46908B00EACD42 /* YCYProfileViewController.h */,
				04B96CDF1B46908B00EACD42 /* YCYProfileViewController.m */,
				04B96CEA1B46917100EACD42 /* YCYMessageCenterViewController.h */,
				04B96CEB1B46917100EACD42 /* YCYMessageCenterViewController.m */,
				04B96CED1B469A0A00EACD42 /* YCYTabBarViewController.h */,
				04B96CEE1B469A0A00EACD42 /* YCYTabBarViewController.m */,
			);
			name = Classes;
			sourceTree = "<group>";
		};
		042B51441B4549D8006973C3 = {
			isa = PBXGroup;
			children = (
				042B514F1B4549D8006973C3 /* Weibo */,
				042B51691B4549D8006973C3 /* WeiboTests */,
				042B514E1B4549D8006973C3 /* Products */,
			);
			sourceTree = "<group>";
		};
		042B514E1B4549D8006973C3 /* Products */ = {
			isa = PBXGroup;
			children = (
				042B514D1B4549D8006973C3 /* Weibo.app */,
				042B51661B4549D8006973C3 /* WeiboTests.xctest */,
			);
			name = Products;
			sourceTree = "<group>";
		};
		042B514F1B4549D8006973C3 /* Weibo */ = {
			isa = PBXGroup;
			children = (
				040E285B1B45535500A880DC /* Classes */,
				042B51501B4549D8006973C3 /* Supporting Files */,
			);
			path = Weibo;
			sourceTree = "<group>";
		};
		042B51501B4549D8006973C3 /* Supporting Files */ = {
			isa = PBXGroup;
			children = (
				04B96CD71B46908200EACD42 /* PrefixHeader.pch */,
				042B515D1B4549D8006973C3 /* Images.xcassets */,
				040E28591B4550F000A880DC /* Default-568h@2x.png */,
				042B51511B4549D8006973C3 /* Info.plist */,
			);
			name = "Supporting Files";
			sourceTree = "<group>";
		};
		042B51691B4549D8006973C3 /* WeiboTests */ = {
			isa = PBXGroup;
			children = (
				042B516C1B4549D8006973C3 /* WeiboTests.m */,
				042B516A1B4549D8006973C3 /* Supporting Files */,
			);
			path = WeiboTests;
			sourceTree = "<group>";
		};
		042B516A1B4549D8006973C3 /* Supporting Files */ = {
			isa = PBXGroup;
			children = (
				042B516B1B4549D8006973C3 /* Info.plist */,
			);
			name = "Supporting Files";
			sourceTree = "<group>";
		};
/* End PBXGroup section */

/* Begin PBXNativeTarget section */
		042B514C1B4549D8006973C3 /* Weibo */ = {
			isa = PBXNativeTarget;
			buildConfigurationList = 042B51701B4549D8006973C3 /* Build configuration list for PBXNativeTarget "Weibo" */;
			buildPhases = (
				042B51491B4549D8006973C3 /* Sources */,
				042B514A1B4549D8006973C3 /* Frameworks */,
				042B514B1B4549D8006973C3 /* Resources */,
			);
			buildRules = (
			);
			dependencies = (
			);
			name = Weibo;
			productName = Weibo;
			productReference = 042B514D1B4549D8006973C3 /* Weibo.app */;
			productType = "com.apple.product-type.application";
		};
		042B51651B4549D8006973C3 /* WeiboTests */ = {
			isa = PBXNativeTarget;
			buildConfigurationList = 042B51731B4549D8006973C3 /* Build configuration list for PBXNativeTarget "WeiboTests" */;
			buildPhases = (
				042B51621B4549D8006973C3 /* Sources */,
				042B51631B4549D8006973C3 /* Frameworks */,
				042B51641B4549D8006973C3 /* Resources */,
			);
			buildRules = (
			);
			dependencies = (
				042B51681B4549D8006973C3 /* PBXTargetDependency */,
			);
			name = WeiboTests;
			productName = WeiboTests;
			productReference = 042B51661B4549D8006973C3 /* WeiboTests.xctest */;
			productType = "com.apple.product-type.bundle.unit-test";
		};
/* End PBXNativeTarget section */

/* Begin PBXProject section */
		042B51451B4549D8006973C3 /* Project object */ = {
			isa = PBXProject;
			attributes = {
				LastUpgradeCheck = 0640;
				ORGANIZATIONNAME = Cheney;
				TargetAttributes = {
					042B514C1B4549D8006973C3 = {
						CreatedOnToolsVersion = 6.4;
					};
					042B51651B4549D8006973C3 = {
						CreatedOnToolsVersion = 6.4;
						TestTargetID = 042B514C1B4549D8006973C3;
					};
				};
			};
			buildConfigurationList = 042B51481B4549D8006973C3 /* Build configuration list for PBXProject "Weibo" */;
			compatibilityVersion = "Xcode 3.2";
			developmentRegion = English;
			hasScannedForEncodings = 0;
			knownRegions = (
				en,
				Base,
			);
			mainGroup = 042B51441B4549D8006973C3;
			productRefGroup = 042B514E1B4549D8006973C3 /* Products */;
			projectDirPath = "";
			projectRoot = "";
			targets = (
				042B514C1B4549D8006973C3 /* Weibo */,
				042B51651B4549D8006973C3 /* WeiboTests */,
			);
		};
/* End PBXProject section */

/* Begin PBXResourcesBuildPhase section */
		042B514B1B4549D8006973C3 /* Resources */ = {
			isa = PBXResourcesBuildPhase;
			buildActionMask = 2147483647;
			files = (
				042B515E1B4549D8006973C3 /* Images.xcassets in Resources */,
				040E285A1B4550F000A880DC /* Default-568h@2x.png in Resources */,
			);
			runOnlyForDeploymentPostprocessing = 0;
		};
		042B51641B4549D8006973C3 /* Resources */ = {
			isa = PBXResourcesBuildPhase;
			buildActionMask = 2147483647;
			files = (
			);
			runOnlyForDeploymentPostprocessing = 0;
		};
/* End PBXResourcesBuildPhase section */

/* Begin PBXSourcesBuildPhase section */
		042B51491B4549D8006973C3 /* Sources */ = {
			isa = PBXSourcesBuildPhase;
			buildActionMask = 2147483647;
			files = (
				04B96CE61B4690AB00EACD42 /* YCYAppDelegate.m in Sources */,
				04B96CE31B46908B00EACD42 /* YCYProfileViewController.m in Sources */,
				04B96CEF1B469A0A00EACD42 /* YCYTabBarViewController.m in Sources */,
				04B96CEC1B46917100EACD42 /* YCYMessageCenterViewController.m in Sources */,
				04B96CE01B46908B00EACD42 /* YCYDiscoverViewController.m in Sources */,
				042B51531B4549D8006973C3 /* main.m in Sources */,
				04B96CE11B46908B00EACD42 /* YCYHomeViewController.m in Sources */,
			);
			runOnlyForDeploymentPostprocessing = 0;
		};
		042B51621B4549D8006973C3 /* Sources */ = {
			isa = PBXSourcesBuildPhase;
			buildActionMask = 2147483647;
			files = (
				042B516D1B4549D8006973C3 /* WeiboTests.m in Sources */,
			);
			runOnlyForDeploymentPostprocessing = 0;
		};
/* End PBXSourcesBuildPhase section */

/* Begin PBXTargetDependency section */
		042B51681B4549D8006973C3 /* PBXTargetDependency */ = {
			isa = PBXTargetDependency;
			target = 042B514C1B4549D8006973C3 /* Weibo */;
			targetProxy = 042B51671B4549D8006973C3 /* PBXContainerItemProxy */;
		};
/* End PBXTargetDependency section */

/* Begin XCBuildConfiguration section */
		042B516E1B4549D8006973C3 /* Debug */ = {
			isa = XCBuildConfiguration;
			buildSettings = {
				ALWAYS_SEARCH_USER_PATHS = NO;
				CLANG_CXX_LANGUAGE_STANDARD = "gnu++0x";
				CLANG_CXX_LIBRARY = "libc++";
				CLANG_ENABLE_MODULES = YES;
				CLANG_ENABLE_OBJC_ARC = YES;
				CLANG_WARN_BOOL_CONVERSION = YES;
				CLANG_WARN_CONSTANT_CONVERSION = YES;
				CLANG_WARN_DIRECT_OBJC_ISA_USAGE = YES_ERROR;
				CLANG_WARN_EMPTY_BODY = YES;
				CLANG_WARN_ENUM_CONVERSION = YES;
				CLANG_WARN_INT_CONVERSION = YES;
				CLANG_WARN_OBJC_ROOT_CLASS = YES_ERROR;
				CLANG_WARN_UNREACHABLE_CODE = YES;
				CLANG_WARN__DUPLICATE_METHOD_MATCH = YES;
				CODE_SIGN_IDENTITY = "iPhone Developer: ChengYu Yang (3LTH5J8MKK)";
				"CODE_SIGN_IDENTITY[sdk=iphoneos*]" = "iPhone Developer: ChengYu Yang (3LTH5J8MKK)";
				COPY_PHASE_STRIP = NO;
				DEBUG_INFORMATION_FORMAT = "dwarf-with-dsym";
				ENABLE_STRICT_OBJC_MSGSEND = YES;
				GCC_C_LANGUAGE_STANDARD = gnu99;
				GCC_DYNAMIC_NO_PIC = NO;
				GCC_NO_COMMON_BLOCKS = YES;
				GCC_OPTIMIZATION_LEVEL = 0;
				GCC_PREPROCESSOR_DEFINITIONS = (
					"DEBUG=1",
					"$(inherited)",
				);
				GCC_SYMBOLS_PRIVATE_EXTERN = NO;
				GCC_WARN_64_TO_32_BIT_CONVERSION = YES;
				GCC_WARN_ABOUT_RETURN_TYPE = YES_ERROR;
				GCC_WARN_UNDECLARED_SELECTOR = YES;
				GCC_WARN_UNINITIALIZED_AUTOS = YES_AGGRESSIVE;
				GCC_WARN_UNUSED_FUNCTION = YES;
				GCC_WARN_UNUSED_VARIABLE = YES;
				IPHONEOS_DEPLOYMENT_TARGET = 7.1;
				MTL_ENABLE_DEBUG_INFO = YES;
				ONLY_ACTIVE_ARCH = YES;
				SDKROOT = iphoneos;
			};
			name = Debug;
		};
		042B516F1B4549D8006973C3 /* Release */ = {
			isa = XCBuildConfiguration;
			buildSettings = {
				ALWAYS_SEARCH_USER_PATHS = NO;
				CLANG_CXX_LANGUAGE_STANDARD = "gnu++0x";
				CLANG_CXX_LIBRARY = "libc++";
				CLANG_ENABLE_MODULES = YES;
				CLANG_ENABLE_OBJC_ARC = YES;
				CLANG_WARN_BOOL_CONVERSION = YES;
				CLANG_WARN_CONSTANT_CONVERSION = YES;
				CLANG_WARN_DIRECT_OBJC_ISA_USAGE = YES_ERROR;
				CLANG_WARN_EMPTY_BODY = YES;
				CLANG_WARN_ENUM_CONVERSION = YES;
				CLANG_WARN_INT_CONVERSION = YES;
				CLANG_WARN_OBJC_ROOT_CLASS = YES_ERROR;
				CLANG_WARN_UNREACHABLE_CODE = YES;
				CLANG_WARN__DUPLICATE_METHOD_MATCH = YES;
				CODE_SIGN_IDENTITY = "iPhone Developer: ChengYu Yang (3LTH5J8MKK)";
				"CODE_SIGN_IDENTITY[sdk=iphoneos*]" = "iPhone Developer: ChengYu Yang (3LTH5J8MKK)";
				COPY_PHASE_STRIP = NO;
				DEBUG_INFORMATION_FORMAT = "dwarf-with-dsym";
				ENABLE_NS_ASSERTIONS = NO;
				ENABLE_STRICT_OBJC_MSGSEND = YES;
				GCC_C_LANGUAGE_STANDARD = gnu99;
				GCC_NO_COMMON_BLOCKS = YES;
				GCC_WARN_64_TO_32_BIT_CONVERSION = YES;
				GCC_WARN_ABOUT_RETURN_TYPE = YES_ERROR;
				GCC_WARN_UNDECLARED_SELECTOR = YES;
				GCC_WARN_UNINITIALIZED_AUTOS = YES_AGGRESSIVE;
				GCC_WARN_UNUSED_FUNCTION = YES;
				GCC_WARN_UNUSED_VARIABLE = YES;
				IPHONEOS_DEPLOYMENT_TARGET = 7.1;
				MTL_ENABLE_DEBUG_INFO = NO;
				SDKROOT = iphoneos;
				VALIDATE_PRODUCT = YES;
			};
			name = Release;
		};
		042B51711B4549D8006973C3 /* Debug */ = {
			isa = XCBuildConfiguration;
			buildSettings = {
				ASSETCATALOG_COMPILER_APPICON_NAME = AppIcon;
				INFOPLIST_FILE = Weibo/Info.plist;
				IPHONEOS_DEPLOYMENT_TARGET = 7.1;
				LD_RUNPATH_SEARCH_PATHS = "$(inherited) @executable_path/Frameworks";
				PRODUCT_NAME = "$(TARGET_NAME)";
			};
			name = Debug;
		};
		042B51721B4549D8006973C3 /* Release */ = {
			isa = XCBuildConfiguration;
			buildSettings = {
				ASSETCATALOG_COMPILER_APPICON_NAME = AppIcon;
				INFOPLIST_FILE = Weibo/Info.plist;
				IPHONEOS_DEPLOYMENT_TARGET = 7.1;
				LD_RUNPATH_SEARCH_PATHS = "$(inherited) @executable_path/Frameworks";
				PRODUCT_NAME = "$(TARGET_NAME)";
			};
			name = Release;
		};
		042B51741B4549D8006973C3 /* Debug */ = {
			isa = XCBuildConfiguration;
			buildSettings = {
				BUNDLE_LOADER = "$(TEST_HOST)";
				FRAMEWORK_SEARCH_PATHS = (
					"$(SDKROOT)/Developer/Library/Frameworks",
					"$(inherited)",
				);
				GCC_PREPROCESSOR_DEFINITIONS = (
					"DEBUG=1",
					"$(inherited)",
				);
				INFOPLIST_FILE = WeiboTests/Info.plist;
				LD_RUNPATH_SEARCH_PATHS = "$(inherited) @executable_path/Frameworks @loader_path/Frameworks";
				PRODUCT_NAME = "$(TARGET_NAME)";
				TEST_HOST = "$(BUILT_PRODUCTS_DIR)/Weibo.app/Weibo";
			};
			name = Debug;
		};
		042B51751B4549D8006973C3 /* Release */ = {
			isa = XCBuildConfiguration;
			buildSettings = {
				BUNDLE_LOADER = "$(TEST_HOST)";
				FRAMEWORK_SEARCH_PATHS = (
					"$(SDKROOT)/Developer/Library/Frameworks",
					"$(inherited)",
				);
				INFOPLIST_FILE = WeiboTests/Info.plist;
				LD_RUNPATH_SEARCH_PATHS = "$(inherited) @executable_path/Frameworks @loader_path/Frameworks";
				PRODUCT_NAME = "$(TARGET_NAME)";
				TEST_HOST = "$(BUILT_PRODUCTS_DIR)/Weibo.app/Weibo";
			};
			name = Release;
		};
/* End XCBuildConfiguration section */

/* Begin XCConfigurationList section */
		042B51481B4549D8006973C3 /* Build configuration list for PBXProject "Weibo" */ = {
			isa = XCConfigurationList;
			buildConfigurations = (
				042B516E1B4549D8006973C3 /* Debug */,
				042B516F1B4549D8006973C3 /* Release */,
			);
			defaultConfigurationIsVisible = 0;
			defaultConfigurationName = Release;
		};
		042B51701B4549D8006973C3 /* Build configuration list for PBXNativeTarget "Weibo" */ = {
			isa = XCConfigurationList;
			buildConfigurations = (
				042B51711B4549D8006973C3 /* Debug */,
				042B51721B4549D8006973C3 /* Release */,
			);
			defaultConfigurationIsVisible = 0;
			defaultConfigurationName = Release;
		};
		042B51731B4549D8006973C3 /* Build configuration list for PBXNativeTarget "WeiboTests" */ = {
			isa = XCConfigurationList;
			buildConfigurations = (
				042B51741B4549D8006973C3 /* Debug */,
				042B51751B4549D8006973C3 /* Release */,
			);
			defaultConfigurationIsVisible = 0;
			defaultConfigurationName = Release;
		};
/* End XCConfigurationList section */
	};
	rootObject = 042B51451B4549D8006973C3 /* Project object */;
}
